
Microsoft Visual Studio Solution File, Format Version 12.00
# Visual Studio Version 17
VisualStudioVersion = 17.14.36915.13
MinimumVisualStudioVersion = 10.0.40219.1
Project("{FAE04EC0-301F-11D3-BF4B-00C04F79EFBC}") = "TradicioCarnica", "CharcuWeb\TradicioCarnica.csproj", "{5DE83BA8-179C-42B4-B014-5DFF22E2742D}"
EndProject
Global
	GlobalSection(SolutionConfigurationPlatforms) = preSolution
		Debug|Any CPU = Debug|Any CPU
		Release|Any CPU = Release|Any CPU
	EndGlobalSection
	GlobalSection(ProjectConfigurationPlatforms) = postSolution
		{5DE83BA8-179C-42B4-B014-5DFF22E2742D}.Debug|Any CPU.ActiveCfg = Debug|Any CPU
		{5DE83BA8-179C-42B4-B014-5DFF22E2742D}.Debug|Any CPU.Build.0 = Debug|Any CPU
		{5DE83BA8-179C-42B4-B014-5DFF22E2742D}.Release|Any CPU.ActiveCfg = Release|Any CPU
		{5DE83BA8-179C-42B4-B014-5DFF22E2742D}.Release|Any CPU.Build.0 = Release|Any CPU
	EndGlobalSection
	GlobalSection(SolutionProperties) = preSolution
		HideSolutionNode = FALSE
	EndGlobalSection
	GlobalSection(ExtensibilityGlobals) = postSolution
		SolutionGuid = {8B529801-F66E-4377-BABF-38427BA4B864}
	EndGlobalSection
EndGlobal
